
Microsoft Visual Studio Solution File, Format Version 12.00
# Visual Studio 15
VisualStudioVersion = 15.0.28307.271
MinimumVisualStudioVersion = 10.0.40219.1
Project("{FAE04EC0-301F-11D3-BF4B-00C04F79EFBC}") = "ToyRobot", "ToyRobot\ToyRobot.csproj", "{28C31531-1AF2-4133-AC11-9248F922FA53}"
EndProject
Project("{FAE04EC0-301F-11D3-BF4B-00C04F79EFBC}") = "ToyRobotTests", "ToyRobotTests\ToyRobotTests.csproj", "{DC25FC37-EEB5-43E3-876B-C7B7F6EE1720}"
EndProject
Global
	GlobalSection(SolutionConfigurationPlatforms) = preSolution
		Debug|Any CPU = Debug|Any CPU
		Release|Any CPU = Release|Any CPU
	EndGlobalSection
	GlobalSection(ProjectConfigurationPlatforms) = postSolution
		{28C31531-1AF2-4133-AC11-9248F922FA53}.Debug|Any CPU.ActiveCfg = Debug|Any CPU
		{28C31531-1AF2-4133-AC11-9248F922FA53}.Debug|Any CPU.Build.0 = Debug|Any CPU
		{28C31531-1AF2-4133-AC11-9248F922FA53}.Release|Any CPU.ActiveCfg = Release|Any CPU
		{28C31531-1AF2-4133-AC11-9248F922FA53}.Release|Any CPU.Build.0 = Release|Any CPU
		{DC25FC37-EEB5-43E3-876B-C7B7F6EE1720}.Debug|Any CPU.ActiveCfg = Debug|Any CPU
		{DC25FC37-EEB5-43E3-876B-C7B7F6EE1720}.Debug|Any CPU.Build.0 = Debug|Any CPU
		{DC25FC37-EEB5-43E3-876B-C7B7F6EE1720}.Release|Any CPU.ActiveCfg = Release|Any CPU
		{DC25FC37-EEB5-43E3-876B-C7B7F6EE1720}.Release|Any CPU.Build.0 = Release|Any CPU
	EndGlobalSection
	GlobalSection(SolutionProperties) = preSolution
		HideSolutionNode = FALSE
	EndGlobalSection
	GlobalSection(ExtensibilityGlobals) = postSolution
		SolutionGuid = {C7DBC5D6-0084-42C7-8E93-13E7145608F8}
	EndGlobalSection
EndGlobal
